
Microsoft Visual Studio Solution File, Format Version 12.00
# Visual Studio 15
VisualStudioVersion = 15.0.28307.438
MinimumVisualStudioVersion = 10.0.40219.1
Project("{FAE04EC0-301F-11D3-BF4B-00C04F79EFBC}") = "Calculator", "Calculator\Calculator.csproj", "{3C1EE8DC-B8EA-407A-B550-63BDF29571B5}"
EndProject
Project("{FAE04EC0-301F-11D3-BF4B-00C04F79EFBC}") = "Calculator.Logic", "Calculator.Logic\Calculator.Logic.csproj", "{91725818-A10A-45DF-8535-189CEC72055A}"
EndProject
Global
	GlobalSection(SolutionConfigurationPlatforms) = preSolution
		Debug|Any CPU = Debug|Any CPU
		Release|Any CPU = Release|Any CPU
	EndGlobalSection
	GlobalSection(ProjectConfigurationPlatforms) = postSolution
		{3C1EE8DC-B8EA-407A-B550-63BDF29571B5}.Debug|Any CPU.ActiveCfg = Debug|Any CPU
		{3C1EE8DC-B8EA-407A-B550-63BDF29571B5}.Debug|Any CPU.Build.0 = Debug|Any CPU
		{3C1EE8DC-B8EA-407A-B550-63BDF29571B5}.Release|Any CPU.ActiveCfg = Release|Any CPU
		{3C1EE8DC-B8EA-407A-B550-63BDF29571B5}.Release|Any CPU.Build.0 = Release|Any CPU
		{91725818-A10A-45DF-8535-189CEC72055A}.Debug|Any CPU.ActiveCfg = Debug|Any CPU
		{91725818-A10A-45DF-8535-189CEC72055A}.Debug|Any CPU.Build.0 = Debug|Any CPU
		{91725818-A10A-45DF-8535-189CEC72055A}.Release|Any CPU.ActiveCfg = Release|Any CPU
		{91725818-A10A-45DF-8535-189CEC72055A}.Release|Any CPU.Build.0 = Release|Any CPU
	EndGlobalSection
	GlobalSection(SolutionProperties) = preSolution
		HideSolutionNode = FALSE
	EndGlobalSection
	GlobalSection(ExtensibilityGlobals) = postSolution
		SolutionGuid = {4C21CBC5-7EBA-4EB1-B3A0-A30727F12371}
	EndGlobalSection
EndGlobal
